
Microsoft Visual Studio Solution File, Format Version 12.00
# Visual Studio Version 16
VisualStudioVersion = 16.0.30011.22
MinimumVisualStudioVersion = 10.0.40219.1
Project("{FAE04EC0-301F-11D3-BF4B-00C04F79EFBC}") = "Project", "Demo\Project.csproj", "{6956959B-5665-49DC-9B0A-E1E5E74B7EE5}"
EndProject
Project("{FAE04EC0-301F-11D3-BF4B-00C04F79EFBC}") = "Storage", "Storage\Storage.csproj", "{A2E44DA9-C83A-4F9C-9831-2EBA5F5F20EE}"
EndProject
Project("{FAE04EC0-301F-11D3-BF4B-00C04F79EFBC}") = "Service", "Service\Service.csproj", "{2E39F5A5-CAE6-4A5C-9286-06B39CE457D5}"
EndProject
Global
	GlobalSection(SolutionConfigurationPlatforms) = preSolution
		Debug|Any CPU = Debug|Any CPU
		Release|Any CPU = Release|Any CPU
	EndGlobalSection
	GlobalSection(ProjectConfigurationPlatforms) = postSolution
		{6956959B-5665-49DC-9B0A-E1E5E74B7EE5}.Debug|Any CPU.ActiveCfg = Debug|Any CPU
		{6956959B-5665-49DC-9B0A-E1E5E74B7EE5}.Debug|Any CPU.Build.0 = Debug|Any CPU
		{6956959B-5665-49DC-9B0A-E1E5E74B7EE5}.Release|Any CPU.ActiveCfg = Release|Any CPU
		{6956959B-5665-49DC-9B0A-E1E5E74B7EE5}.Release|Any CPU.Build.0 = Release|Any CPU
		{A2E44DA9-C83A-4F9C-9831-2EBA5F5F20EE}.Debug|Any CPU.ActiveCfg = Debug|Any CPU
		{A2E44DA9-C83A-4F9C-9831-2EBA5F5F20EE}.Debug|Any CPU.Build.0 = Debug|Any CPU
		{A2E44DA9-C83A-4F9C-9831-2EBA5F5F20EE}.Release|Any CPU.ActiveCfg = Release|Any CPU
		{A2E44DA9-C83A-4F9C-9831-2EBA5F5F20EE}.Release|Any CPU.Build.0 = Release|Any CPU
		{2E39F5A5-CAE6-4A5C-9286-06B39CE457D5}.Debug|Any CPU.ActiveCfg = Debug|Any CPU
		{2E39F5A5-CAE6-4A5C-9286-06B39CE457D5}.Debug|Any CPU.Build.0 = Debug|Any CPU
		{2E39F5A5-CAE6-4A5C-9286-06B39CE457D5}.Release|Any CPU.ActiveCfg = Release|Any CPU
		{2E39F5A5-CAE6-4A5C-9286-06B39CE457D5}.Release|Any CPU.Build.0 = Release|Any CPU
	EndGlobalSection
	GlobalSection(SolutionProperties) = preSolution
		HideSolutionNode = FALSE
	EndGlobalSection
	GlobalSection(ExtensibilityGlobals) = postSolution
		SolutionGuid = {67A9D34D-2B4A-4945-993F-A09EFDA4F954}
	EndGlobalSection
EndGlobal
